
Microsoft Visual Studio Solution File, Format Version 12.00
# Visual Studio Version 17
VisualStudioVersion = 17.3.32901.215
MinimumVisualStudioVersion = 10.0.40219.1
Project("{FAE04EC0-301F-11D3-BF4B-00C04F79EFBC}") = "mysql", "mysql\mysql.csproj", "{A84582D9-1DFD-4381-9057-496C97BE7DCB}"
EndProject
Project("{2150E333-8FDC-42A3-9474-1A3956D46DE8}") = "Solution Items", "Solution Items", "{7D94A021-C816-4C2A-BE99-5339E22F8023}"
	ProjectSection(SolutionItems) = preProject
		.editorconfig = .editorconfig
	EndProjectSection
EndProject
Global
	GlobalSection(SolutionConfigurationPlatforms) = preSolution
		Debug|Any CPU = Debug|Any CPU
		Release|Any CPU = Release|Any CPU
	EndGlobalSection
	GlobalSection(ProjectConfigurationPlatforms) = postSolution
		{A84582D9-1DFD-4381-9057-496C97BE7DCB}.Debug|Any CPU.ActiveCfg = Debug|Any CPU
		{A84582D9-1DFD-4381-9057-496C97BE7DCB}.Debug|Any CPU.Build.0 = Debug|Any CPU
		{A84582D9-1DFD-4381-9057-496C97BE7DCB}.Release|Any CPU.ActiveCfg = Release|Any CPU
		{A84582D9-1DFD-4381-9057-496C97BE7DCB}.Release|Any CPU.Build.0 = Release|Any CPU
	EndGlobalSection
	GlobalSection(SolutionProperties) = preSolution
		HideSolutionNode = FALSE
	EndGlobalSection
	GlobalSection(ExtensibilityGlobals) = postSolution
		SolutionGuid = {71066AF7-BC38-402D-948D-83D5F67E469D}
	EndGlobalSection
EndGlobal
