
Microsoft Visual Studio Solution File, Format Version 12.00
# Visual Studio Version 17
VisualStudioVersion = 17.3.32901.215
MinimumVisualStudioVersion = 10.0.40219.1
Project("{FAE04EC0-301F-11D3-BF4B-00C04F79EFBC}") = "WindowsFormsApp1", "WindowsFormsApp1\WindowsFormsApp1.csproj", "{9A598037-6A58-48C9-9215-D32423F997EC}"
EndProject
Global
	GlobalSection(SolutionConfigurationPlatforms) = preSolution
		Debug|Any CPU = Debug|Any CPU
		Release|Any CPU = Release|Any CPU
	EndGlobalSection
	GlobalSection(ProjectConfigurationPlatforms) = postSolution
		{9A598037-6A58-48C9-9215-D32423F997EC}.Debug|Any CPU.ActiveCfg = Debug|Any CPU
		{9A598037-6A58-48C9-9215-D32423F997EC}.Debug|Any CPU.Build.0 = Debug|Any CPU
		{9A598037-6A58-48C9-9215-D32423F997EC}.Release|Any CPU.ActiveCfg = Release|Any CPU
		{9A598037-6A58-48C9-9215-D32423F997EC}.Release|Any CPU.Build.0 = Release|Any CPU
	EndGlobalSection
	GlobalSection(SolutionProperties) = preSolution
		HideSolutionNode = FALSE
	EndGlobalSection
	GlobalSection(ExtensibilityGlobals) = postSolution
		SolutionGuid = {F0688662-FA14-41BF-A3C2-41E2F9A16E30}
	EndGlobalSection
EndGlobal
