
Microsoft Visual Studio Solution File, Format Version 12.00
# Visual Studio Version 17
VisualStudioVersion = 17.3.32901.215
MinimumVisualStudioVersion = 10.0.40219.1
Project("{FAE04EC0-301F-11D3-BF4B-00C04F79EFBC}") = "WindowsFormsApp3", "WindowsFormsApp3\WindowsFormsApp3.csproj", "{B8E25E88-5FBC-4700-88F0-A966030A9485}"
EndProject
Global
	GlobalSection(SolutionConfigurationPlatforms) = preSolution
		Debug|Any CPU = Debug|Any CPU
		Release|Any CPU = Release|Any CPU
	EndGlobalSection
	GlobalSection(ProjectConfigurationPlatforms) = postSolution
		{B8E25E88-5FBC-4700-88F0-A966030A9485}.Debug|Any CPU.ActiveCfg = Debug|Any CPU
		{B8E25E88-5FBC-4700-88F0-A966030A9485}.Debug|Any CPU.Build.0 = Debug|Any CPU
		{B8E25E88-5FBC-4700-88F0-A966030A9485}.Release|Any CPU.ActiveCfg = Release|Any CPU
		{B8E25E88-5FBC-4700-88F0-A966030A9485}.Release|Any CPU.Build.0 = Release|Any CPU
	EndGlobalSection
	GlobalSection(SolutionProperties) = preSolution
		HideSolutionNode = FALSE
	EndGlobalSection
	GlobalSection(ExtensibilityGlobals) = postSolution
		SolutionGuid = {63DBE554-2F2B-43EC-A9F1-13FB98BAD8AC}
	EndGlobalSection
EndGlobal
