
Microsoft Visual Studio Solution File, Format Version 12.00
# Visual Studio Version 17
VisualStudioVersion = 17.3.32901.215
MinimumVisualStudioVersion = 10.0.40219.1
Project("{FAE04EC0-301F-11D3-BF4B-00C04F79EFBC}") = "WindowsFormsApp3", "WindowsFormsApp3\WindowsFormsApp3.csproj", "{81C72B38-3B94-4AE2-9195-ACFCD742E606}"
EndProject
Global
	GlobalSection(SolutionConfigurationPlatforms) = preSolution
		Debug|Any CPU = Debug|Any CPU
		Release|Any CPU = Release|Any CPU
	EndGlobalSection
	GlobalSection(ProjectConfigurationPlatforms) = postSolution
		{81C72B38-3B94-4AE2-9195-ACFCD742E606}.Debug|Any CPU.ActiveCfg = Debug|Any CPU
		{81C72B38-3B94-4AE2-9195-ACFCD742E606}.Debug|Any CPU.Build.0 = Debug|Any CPU
		{81C72B38-3B94-4AE2-9195-ACFCD742E606}.Release|Any CPU.ActiveCfg = Release|Any CPU
		{81C72B38-3B94-4AE2-9195-ACFCD742E606}.Release|Any CPU.Build.0 = Release|Any CPU
	EndGlobalSection
	GlobalSection(SolutionProperties) = preSolution
		HideSolutionNode = FALSE
	EndGlobalSection
	GlobalSection(ExtensibilityGlobals) = postSolution
		SolutionGuid = {4AB3F0C6-CA03-43E8-BE33-4EE0A98C0085}
	EndGlobalSection
EndGlobal
