
Microsoft Visual Studio Solution File, Format Version 12.00
# Visual Studio Version 17
VisualStudioVersion = 17.3.32901.215
MinimumVisualStudioVersion = 10.0.40219.1
Project("{FAE04EC0-301F-11D3-BF4B-00C04F79EFBC}") = "WindowsFormsApp4", "WindowsFormsApp4\WindowsFormsApp4.csproj", "{ED4C0139-B1E7-4927-85A6-5D898651B340}"
EndProject
Global
	GlobalSection(SolutionConfigurationPlatforms) = preSolution
		Debug|Any CPU = Debug|Any CPU
		Release|Any CPU = Release|Any CPU
	EndGlobalSection
	GlobalSection(ProjectConfigurationPlatforms) = postSolution
		{ED4C0139-B1E7-4927-85A6-5D898651B340}.Debug|Any CPU.ActiveCfg = Debug|Any CPU
		{ED4C0139-B1E7-4927-85A6-5D898651B340}.Debug|Any CPU.Build.0 = Debug|Any CPU
		{ED4C0139-B1E7-4927-85A6-5D898651B340}.Release|Any CPU.ActiveCfg = Release|Any CPU
		{ED4C0139-B1E7-4927-85A6-5D898651B340}.Release|Any CPU.Build.0 = Release|Any CPU
	EndGlobalSection
	GlobalSection(SolutionProperties) = preSolution
		HideSolutionNode = FALSE
	EndGlobalSection
	GlobalSection(ExtensibilityGlobals) = postSolution
		SolutionGuid = {5AFAF24C-1AA9-4C90-B8D5-0A488BB463F8}
	EndGlobalSection
EndGlobal
