
Microsoft Visual Studio Solution File, Format Version 12.00
# Visual Studio Version 17
VisualStudioVersion = 17.3.32901.215
MinimumVisualStudioVersion = 10.0.40219.1
Project("{FAE04EC0-301F-11D3-BF4B-00C04F79EFBC}") = "WindowsFormsApp1", "WindowsFormsApp1\WindowsFormsApp1.csproj", "{A7CDBD42-1421-4B7C-8AEE-3E064B64C826}"
EndProject
Global
	GlobalSection(SolutionConfigurationPlatforms) = preSolution
		Debug|Any CPU = Debug|Any CPU
		Release|Any CPU = Release|Any CPU
	EndGlobalSection
	GlobalSection(ProjectConfigurationPlatforms) = postSolution
		{A7CDBD42-1421-4B7C-8AEE-3E064B64C826}.Debug|Any CPU.ActiveCfg = Debug|Any CPU
		{A7CDBD42-1421-4B7C-8AEE-3E064B64C826}.Debug|Any CPU.Build.0 = Debug|Any CPU
		{A7CDBD42-1421-4B7C-8AEE-3E064B64C826}.Release|Any CPU.ActiveCfg = Release|Any CPU
		{A7CDBD42-1421-4B7C-8AEE-3E064B64C826}.Release|Any CPU.Build.0 = Release|Any CPU
	EndGlobalSection
	GlobalSection(SolutionProperties) = preSolution
		HideSolutionNode = FALSE
	EndGlobalSection
	GlobalSection(ExtensibilityGlobals) = postSolution
		SolutionGuid = {3929B368-6EC2-4983-A891-C58D742A5CA4}
	EndGlobalSection
EndGlobal
